// !$*UTF8*$!
{
	archiveVersion = 1;
	classes = {
	};
	objectVersion = 56;
	objects = {

/* Begin PBXBuildFile section */
		E09A4D1C2C35B7AC00B135B2 /* AppDelegate.swift in Sources */ = {isa = PBXBuildFile; fileRef = E09A4D1B2C35B7AC00B135B2 /* AppDelegate.swift */; };
		E09A4D1E2C35B7AC00B135B2 /* SceneDelegate.swift in Sources */ = {isa = PBXBuildFile; fileRef = E09A4D1D2C35B7AC00B135B2 /* SceneDelegate.swift */; };
		E09A4D202C35B7AC00B135B2 /* HomeViewController.swift in Sources */ = {isa = PBXBuildFile; fileRef = E09A4D1F2C35B7AC00B135B2 /* HomeViewController.swift */; };
		E09A4D252C35B7AD00B135B2 /* Assets.xcassets in Resources */ = {isa = PBXBuildFile; fileRef = E09A4D242C35B7AD00B135B2 /* Assets.xcassets */; };
		E09A4D282C35B7AD00B135B2 /* Base in Resources */ = {isa = PBXBuildFile; fileRef = E09A4D272C35B7AD00B135B2 /* Base */; };
		E09A4D362C35B9FC00B135B2 /* SearchViewController.swift in Sources */ = {isa = PBXBuildFile; fileRef = E09A4D352C35B9FC00B135B2 /* SearchViewController.swift */; };
		E09A4D382C35BA6000B135B2 /* TabBarViewController.swift in Sources */ = {isa = PBXBuildFile; fileRef = E09A4D372C35BA6000B135B2 /* TabBarViewController.swift */; };
		E09A4D3A2C35BAA000B135B2 /* LibraryViewController.swift in Sources */ = {isa = PBXBuildFile; fileRef = E09A4D392C35BAA000B135B2 /* LibraryViewController.swift */; };
		E09A4D3E2C35BAFE00B135B2 /* AuthViewController.swift in Sources */ = {isa = PBXBuildFile; fileRef = E09A4D3D2C35BAFE00B135B2 /* AuthViewController.swift */; };
		E09A4D402C35BB0A00B135B2 /* WelcomeViewController.swift in Sources */ = {isa = PBXBuildFile; fileRef = E09A4D3F2C35BB0A00B135B2 /* WelcomeViewController.swift */; };
		E09A4D422C35BB1900B135B2 /* SettingsViewController.swift in Sources */ = {isa = PBXBuildFile; fileRef = E09A4D412C35BB1900B135B2 /* SettingsViewController.swift */; };
		E09A4D442C35BB2300B135B2 /* ProfileViewController.swift in Sources */ = {isa = PBXBuildFile; fileRef = E09A4D432C35BB2300B135B2 /* ProfileViewController.swift */; };
		E09A4D462C35BB2C00B135B2 /* PlayerViewController.swift in Sources */ = {isa = PBXBuildFile; fileRef = E09A4D452C35BB2C00B135B2 /* PlayerViewController.swift */; };
		E09A4D482C35BB3B00B135B2 /* PlaylistViewController.swift in Sources */ = {isa = PBXBuildFile; fileRef = E09A4D472C35BB3B00B135B2 /* PlaylistViewController.swift */; };
		E09A4D4A2C35BB4F00B135B2 /* SearchResultsViewController.swift in Sources */ = {isa = PBXBuildFile; fileRef = E09A4D492C35BB4F00B135B2 /* SearchResultsViewController.swift */; };
		E09A4D4C2C35BB6A00B135B2 /* AuthManager.swift in Sources */ = {isa = PBXBuildFile; fileRef = E09A4D4B2C35BB6A00B135B2 /* AuthManager.swift */; };
		E09A4D4E2C35BB9100B135B2 /* APICaller.swift in Sources */ = {isa = PBXBuildFile; fileRef = E09A4D4D2C35BB9100B135B2 /* APICaller.swift */; };
		E09A4D502C35BBBE00B135B2 /* HapticsManager.swift in Sources */ = {isa = PBXBuildFile; fileRef = E09A4D4F2C35BBBE00B135B2 /* HapticsManager.swift */; };
		E09A4D522C35BBCD00B135B2 /* Playlist.swift in Sources */ = {isa = PBXBuildFile; fileRef = E09A4D512C35BBCD00B135B2 /* Playlist.swift */; };
		E09A4D542C35BBDA00B135B2 /* AutdioTrack.swift in Sources */ = {isa = PBXBuildFile; fileRef = E09A4D532C35BBDA00B135B2 /* AutdioTrack.swift */; };
		E09A4D562C35BBE400B135B2 /* Artist.swift in Sources */ = {isa = PBXBuildFile; fileRef = E09A4D552C35BBE400B135B2 /* Artist.swift */; };
		E09A4D582C35BC0200B135B2 /* UserProfile.swift in Sources */ = {isa = PBXBuildFile; fileRef = E09A4D572C35BC0200B135B2 /* UserProfile.swift */; };
		E0B1E5672C3DAD5700F8B6B8 /* AuthResponse.swift in Sources */ = {isa = PBXBuildFile; fileRef = E0B1E5662C3DAD5700F8B6B8 /* AuthResponse.swift */; };
/* End PBXBuildFile section */

/* Begin PBXFileReference section */
		E09A4D182C35B7AC00B135B2 /* Spotify.Project.app */ = {isa = PBXFileReference; explicitFileType = wrapper.application; includeInIndex = 0; path = Spotify.Project.app; sourceTree = BUILT_PRODUCTS_DIR; };
		E09A4D1B2C35B7AC00B135B2 /* AppDelegate.swift */ = {isa = PBXFileReference; lastKnownFileType = sourcecode.swift; path = AppDelegate.swift; sourceTree = "<group>"; };
		E09A4D1D2C35B7AC00B135B2 /* SceneDelegate.swift */ = {isa = PBXFileReference; lastKnownFileType = sourcecode.swift; path = SceneDelegate.swift; sourceTree = "<group>"; };
		E09A4D1F2C35B7AC00B135B2 /* HomeViewController.swift */ = {isa = PBXFileReference; lastKnownFileType = sourcecode.swift; path = HomeViewController.swift; sourceTree = "<group>"; };
		E09A4D242C35B7AD00B135B2 /* Assets.xcassets */ = {isa = PBXFileReference; lastKnownFileType = folder.assetcatalog; path = Assets.xcassets; sourceTree = "<group>"; };
		E09A4D272C35B7AD00B135B2 /* Base */ = {isa = PBXFileReference; lastKnownFileType = file.storyboard; name = Base; path = Base.lproj/LaunchScreen.storyboard; sourceTree = "<group>"; };
		E09A4D292C35B7AD00B135B2 /* Info.plist */ = {isa = PBXFileReference; lastKnownFileType = text.plist.xml; path = Info.plist; sourceTree = "<group>"; };
		E09A4D352C35B9FC00B135B2 /* SearchViewController.swift */ = {isa = PBXFileReference; lastKnownFileType = sourcecode.swift; path = SearchViewController.swift; sourceTree = "<group>"; };
		E09A4D372C35BA6000B135B2 /* TabBarViewController.swift */ = {isa = PBXFileReference; lastKnownFileType = sourcecode.swift; path = TabBarViewController.swift; sourceTree = "<group>"; };
		E09A4D392C35BAA000B135B2 /* LibraryViewController.swift */ = {isa = PBXFileReference; lastKnownFileType = sourcecode.swift; path = LibraryViewController.swift; sourceTree = "<group>"; };
		E09A4D3D2C35BAFE00B135B2 /* AuthViewController.swift */ = {isa = PBXFileReference; lastKnownFileType = sourcecode.swift; path = AuthViewController.swift; sourceTree = "<group>"; };
		E09A4D3F2C35BB0A00B135B2 /* WelcomeViewController.swift */ = {isa = PBXFileReference; lastKnownFileType = sourcecode.swift; path = WelcomeViewController.swift; sourceTree = "<group>"; };
		E09A4D412C35BB1900B135B2 /* SettingsViewController.swift */ = {isa = PBXFileReference; lastKnownFileType = sourcecode.swift; path = SettingsViewController.swift; sourceTree = "<group>"; };
		E09A4D432C35BB2300B135B2 /* ProfileViewController.swift */ = {isa = PBXFileReference; lastKnownFileType = sourcecode.swift; path = ProfileViewController.swift; sourceTree = "<group>"; };
		E09A4D452C35BB2C00B135B2 /* PlayerViewController.swift */ = {isa = PBXFileReference; lastKnownFileType = sourcecode.swift; path = PlayerViewController.swift; sourceTree = "<group>"; };
		E09A4D472C35BB3B00B135B2 /* PlaylistViewController.swift */ = {isa = PBXFileReference; lastKnownFileType = sourcecode.swift; path = PlaylistViewController.swift; sourceTree = "<group>"; };
		E09A4D492C35BB4F00B135B2 /* SearchResultsViewController.swift */ = {isa = PBXFileReference; lastKnownFileType = sourcecode.swift; path = SearchResultsViewController.swift; sourceTree = "<group>"; };
		E09A4D4B2C35BB6A00B135B2 /* AuthManager.swift */ = {isa = PBXFileReference; lastKnownFileType = sourcecode.swift; path = AuthManager.swift; sourceTree = "<group>"; };
		E09A4D4D2C35BB9100B135B2 /* APICaller.swift */ = {isa = PBXFileReference; lastKnownFileType = sourcecode.swift; path = APICaller.swift; sourceTree = "<group>"; };
		E09A4D4F2C35BBBE00B135B2 /* HapticsManager.swift */ = {isa = PBXFileReference; lastKnownFileType = sourcecode.swift; path = HapticsManager.swift; sourceTree = "<group>"; };
		E09A4D512C35BBCD00B135B2 /* Playlist.swift */ = {isa = PBXFileReference; lastKnownFileType = sourcecode.swift; path = Playlist.swift; sourceTree = "<group>"; };
		E09A4D532C35BBDA00B135B2 /* AutdioTrack.swift */ = {isa = PBXFileReference; lastKnownFileType = sourcecode.swift; path = AutdioTrack.swift; sourceTree = "<group>"; };
		E09A4D552C35BBE400B135B2 /* Artist.swift */ = {isa = PBXFileReference; lastKnownFileType = sourcecode.swift; path = Artist.swift; sourceTree = "<group>"; };
		E09A4D572C35BC0200B135B2 /* UserProfile.swift */ = {isa = PBXFileReference; lastKnownFileType = sourcecode.swift; path = UserProfile.swift; sourceTree = "<group>"; };
		E0B1E5662C3DAD5700F8B6B8 /* AuthResponse.swift */ = {isa = PBXFileReference; lastKnownFileType = sourcecode.swift; path = AuthResponse.swift; sourceTree = "<group>"; };
/* End PBXFileReference section */

/* Begin PBXFrameworksBuildPhase section */
		E09A4D152C35B7AC00B135B2 /* Frameworks */ = {
			isa = PBXFrameworksBuildPhase;
			buildActionMask = 2147483647;
			files = (
			);
			runOnlyForDeploymentPostprocessing = 0;
		};
/* End PBXFrameworksBuildPhase section */

/* Begin PBXGroup section */
		E09A4D0F2C35B7AC00B135B2 = {
			isa = PBXGroup;
			children = (
				E09A4D1A2C35B7AC00B135B2 /* Spotify.Project */,
				E09A4D192C35B7AC00B135B2 /* Products */,
			);
			sourceTree = "<group>";
		};
		E09A4D192C35B7AC00B135B2 /* Products */ = {
			isa = PBXGroup;
			children = (
				E09A4D182C35B7AC00B135B2 /* Spotify.Project.app */,
			);
			name = Products;
			sourceTree = "<group>";
		};
		E09A4D1A2C35B7AC00B135B2 /* Spotify.Project */ = {
			isa = PBXGroup;
			children = (
				E09A4D342C35B87700B135B2 /* Resources */,
				E09A4D332C35B86C00B135B2 /* Managers */,
				E09A4D322C35B86500B135B2 /* Models */,
				E09A4D312C35B85800B135B2 /* ViewModels */,
				E09A4D302C35B84E00B135B2 /* Controllers */,
				E09A4D2F2C35B81900B135B2 /* Views */,
				E09A4D292C35B7AD00B135B2 /* Info.plist */,
			);
			path = Spotify.Project;
			sourceTree = "<group>";
		};
		E09A4D2F2C35B81900B135B2 /* Views */ = {
			isa = PBXGroup;
			children = (
				E09A4D262C35B7AD00B135B2 /* LaunchScreen.storyboard */,
			);
			path = Views;
			sourceTree = "<group>";
		};
		E09A4D302C35B84E00B135B2 /* Controllers */ = {
			isa = PBXGroup;
			children = (
				E09A4D3C2C35BAED00B135B2 /* Other */,
				E09A4D3B2C35BAB800B135B2 /* Core */,
			);
			path = Controllers;
			sourceTree = "<group>";
		};
		E09A4D312C35B85800B135B2 /* ViewModels */ = {
			isa = PBXGroup;
			children = (
			);
			path = ViewModels;
			sourceTree = "<group>";
		};
		E09A4D322C35B86500B135B2 /* Models */ = {
			isa = PBXGroup;
			children = (
				E09A4D512C35BBCD00B135B2 /* Playlist.swift */,
				E09A4D532C35BBDA00B135B2 /* AutdioTrack.swift */,
				E09A4D552C35BBE400B135B2 /* Artist.swift */,
				E09A4D572C35BC0200B135B2 /* UserProfile.swift */,
				E0B1E5662C3DAD5700F8B6B8 /* AuthResponse.swift */,
			);
			path = Models;
			sourceTree = "<group>";
		};
		E09A4D332C35B86C00B135B2 /* Managers */ = {
			isa = PBXGroup;
			children = (
				E09A4D4B2C35BB6A00B135B2 /* AuthManager.swift */,
				E09A4D4D2C35BB9100B135B2 /* APICaller.swift */,
				E09A4D4F2C35BBBE00B135B2 /* HapticsManager.swift */,
			);
			path = Managers;
			sourceTree = "<group>";
		};
		E09A4D342C35B87700B135B2 /* Resources */ = {
			isa = PBXGroup;
			children = (
				E09A4D242C35B7AD00B135B2 /* Assets.xcassets */,
				E09A4D1B2C35B7AC00B135B2 /* AppDelegate.swift */,
				E09A4D1D2C35B7AC00B135B2 /* SceneDelegate.swift */,
			);
			path = Resources;
			sourceTree = "<group>";
		};
		E09A4D3B2C35BAB800B135B2 /* Core */ = {
			isa = PBXGroup;
			children = (
				E09A4D352C35B9FC00B135B2 /* SearchViewController.swift */,
				E09A4D372C35BA6000B135B2 /* TabBarViewController.swift */,
				E09A4D1F2C35B7AC00B135B2 /* HomeViewController.swift */,
				E09A4D392C35BAA000B135B2 /* LibraryViewController.swift */,
			);
			path = Core;
			sourceTree = "<group>";
		};
		E09A4D3C2C35BAED00B135B2 /* Other */ = {
			isa = PBXGroup;
			children = (
				E09A4D3D2C35BAFE00B135B2 /* AuthViewController.swift */,
				E09A4D3F2C35BB0A00B135B2 /* WelcomeViewController.swift */,
				E09A4D412C35BB1900B135B2 /* SettingsViewController.swift */,
				E09A4D432C35BB2300B135B2 /* ProfileViewController.swift */,
				E09A4D452C35BB2C00B135B2 /* PlayerViewController.swift */,
				E09A4D472C35BB3B00B135B2 /* PlaylistViewController.swift */,
				E09A4D492C35BB4F00B135B2 /* SearchResultsViewController.swift */,
			);
			path = Other;
			sourceTree = "<group>";
		};
/* End PBXGroup section */

/* Begin PBXNativeTarget section */
		E09A4D172C35B7AC00B135B2 /* Spotify.Project */ = {
			isa = PBXNativeTarget;
			buildConfigurationList = E09A4D2C2C35B7AD00B135B2 /* Build configuration list for PBXNativeTarget "Spotify.Project" */;
			buildPhases = (
				E09A4D142C35B7AC00B135B2 /* Sources */,
				E09A4D152C35B7AC00B135B2 /* Frameworks */,
				E09A4D162C35B7AC00B135B2 /* Resources */,
			);
			buildRules = (
			);
			dependencies = (
			);
			name = Spotify.Project;
			productName = Spotify.Project;
			productReference = E09A4D182C35B7AC00B135B2 /* Spotify.Project.app */;
			productType = "com.apple.product-type.application";
		};
/* End PBXNativeTarget section */

/* Begin PBXProject section */
		E09A4D102C35B7AC00B135B2 /* Project object */ = {
			isa = PBXProject;
			attributes = {
				BuildIndependentTargetsInParallel = 1;
				LastSwiftUpdateCheck = 1540;
				LastUpgradeCheck = 1540;
				TargetAttributes = {
					E09A4D172C35B7AC00B135B2 = {
						CreatedOnToolsVersion = 15.4;
					};
				};
			};
			buildConfigurationList = E09A4D132C35B7AC00B135B2 /* Build configuration list for PBXProject "Spotify.Project" */;
			compatibilityVersion = "Xcode 14.0";
			developmentRegion = en;
			hasScannedForEncodings = 0;
			knownRegions = (
				en,
				Base,
			);
			mainGroup = E09A4D0F2C35B7AC00B135B2;
			productRefGroup = E09A4D192C35B7AC00B135B2 /* Products */;
			projectDirPath = "";
			projectRoot = "";
			targets = (
				E09A4D172C35B7AC00B135B2 /* Spotify.Project */,
			);
		};
/* End PBXProject section */

/* Begin PBXResourcesBuildPhase section */
		E09A4D162C35B7AC00B135B2 /* Resources */ = {
			isa = PBXResourcesBuildPhase;
			buildActionMask = 2147483647;
			files = (
				E09A4D252C35B7AD00B135B2 /* Assets.xcassets in Resources */,
				E09A4D282C35B7AD00B135B2 /* Base in Resources */,
			);
			runOnlyForDeploymentPostprocessing = 0;
		};
/* End PBXResourcesBuildPhase section */

/* Begin PBXSourcesBuildPhase section */
		E09A4D142C35B7AC00B135B2 /* Sources */ = {
			isa = PBXSourcesBuildPhase;
			buildActionMask = 2147483647;
			files = (
				E09A4D362C35B9FC00B135B2 /* SearchViewController.swift in Sources */,
				E09A4D522C35BBCD00B135B2 /* Playlist.swift in Sources */,
				E09A4D4C2C35BB6A00B135B2 /* AuthManager.swift in Sources */,
				E09A4D4A2C35BB4F00B135B2 /* SearchResultsViewController.swift in Sources */,
				E0B1E5672C3DAD5700F8B6B8 /* AuthResponse.swift in Sources */,
				E09A4D402C35BB0A00B135B2 /* WelcomeViewController.swift in Sources */,
				E09A4D4E2C35BB9100B135B2 /* APICaller.swift in Sources */,
				E09A4D442C35BB2300B135B2 /* ProfileViewController.swift in Sources */,
				E09A4D502C35BBBE00B135B2 /* HapticsManager.swift in Sources */,
				E09A4D202C35B7AC00B135B2 /* HomeViewController.swift in Sources */,
				E09A4D1C2C35B7AC00B135B2 /* AppDelegate.swift in Sources */,
				E09A4D3E2C35BAFE00B135B2 /* AuthViewController.swift in Sources */,
				E09A4D382C35BA6000B135B2 /* TabBarViewController.swift in Sources */,
				E09A4D582C35BC0200B135B2 /* UserProfile.swift in Sources */,
				E09A4D3A2C35BAA000B135B2 /* LibraryViewController.swift in Sources */,
				E09A4D562C35BBE400B135B2 /* Artist.swift in Sources */,
				E09A4D482C35BB3B00B135B2 /* PlaylistViewController.swift in Sources */,
				E09A4D1E2C35B7AC00B135B2 /* SceneDelegate.swift in Sources */,
				E09A4D462C35BB2C00B135B2 /* PlayerViewController.swift in Sources */,
				E09A4D422C35BB1900B135B2 /* SettingsViewController.swift in Sources */,
				E09A4D542C35BBDA00B135B2 /* AutdioTrack.swift in Sources */,
			);
			runOnlyForDeploymentPostprocessing = 0;
		};
/* End PBXSourcesBuildPhase section */

/* Begin PBXVariantGroup section */
		E09A4D262C35B7AD00B135B2 /* LaunchScreen.storyboard */ = {
			isa = PBXVariantGroup;
			children = (
				E09A4D272C35B7AD00B135B2 /* Base */,
			);
			name = LaunchScreen.storyboard;
			sourceTree = "<group>";
		};
/* End PBXVariantGroup section */

/* Begin XCBuildConfiguration section */
		E09A4D2A2C35B7AD00B135B2 /* Debug */ = {
			isa = XCBuildConfiguration;
			buildSettings = {
				ALWAYS_SEARCH_USER_PATHS = NO;
				ASSETCATALOG_COMPILER_GENERATE_SWIFT_ASSET_SYMBOL_EXTENSIONS = YES;
				CLANG_ANALYZER_NONNULL = YES;
				CLANG_ANALYZER_NUMBER_OBJECT_CONVERSION = YES_AGGRESSIVE;
				CLANG_CXX_LANGUAGE_STANDARD = "gnu++20";
				CLANG_ENABLE_MODULES = YES;
				CLANG_ENABLE_OBJC_ARC = YES;
				CLANG_ENABLE_OBJC_WEAK = YES;
				CLANG_WARN_BLOCK_CAPTURE_AUTORELEASING = YES;
				CLANG_WARN_BOOL_CONVERSION = YES;
				CLANG_WARN_COMMA = YES;
				CLANG_WARN_CONSTANT_CONVERSION = YES;
				CLANG_WARN_DEPRECATED_OBJC_IMPLEMENTATIONS = YES;
				CLANG_WARN_DIRECT_OBJC_ISA_USAGE = YES_ERROR;
				CLANG_WARN_DOCUMENTATION_COMMENTS = YES;
				CLANG_WARN_EMPTY_BODY = YES;
				CLANG_WARN_ENUM_CONVERSION = YES;
				CLANG_WARN_INFINITE_RECURSION = YES;
				CLANG_WARN_INT_CONVERSION = YES;
				CLANG_WARN_NON_LITERAL_NULL_CONVERSION = YES;
				CLANG_WARN_OBJC_IMPLICIT_RETAIN_SELF = YES;
				CLANG_WARN_OBJC_LITERAL_CONVERSION = YES;
				CLANG_WARN_OBJC_ROOT_CLASS = YES_ERROR;
				CLANG_WARN_QUOTED_INCLUDE_IN_FRAMEWORK_HEADER = YES;
				CLANG_WARN_RANGE_LOOP_ANALYSIS = YES;
				CLANG_WARN_STRICT_PROTOTYPES = YES;
				CLANG_WARN_SUSPICIOUS_MOVE = YES;
				CLANG_WARN_UNGUARDED_AVAILABILITY = YES_AGGRESSIVE;
				CLANG_WARN_UNREACHABLE_CODE = YES;
				CLANG_WARN__DUPLICATE_METHOD_MATCH = YES;
				COPY_PHASE_STRIP = NO;
				DEBUG_INFORMATION_FORMAT = dwarf;
				ENABLE_STRICT_OBJC_MSGSEND = YES;
				ENABLE_TESTABILITY = YES;
				ENABLE_USER_SCRIPT_SANDBOXING = YES;
				GCC_C_LANGUAGE_STANDARD = gnu17;
				GCC_DYNAMIC_NO_PIC = NO;
				GCC_NO_COMMON_BLOCKS = YES;
				GCC_OPTIMIZATION_LEVEL = 0;
				GCC_PREPROCESSOR_DEFINITIONS = (
					"DEBUG=1",
					"$(inherited)",
				);
				GCC_WARN_64_TO_32_BIT_CONVERSION = YES;
				GCC_WARN_ABOUT_RETURN_TYPE = YES_ERROR;
				GCC_WARN_UNDECLARED_SELECTOR = YES;
				GCC_WARN_UNINITIALIZED_AUTOS = YES_AGGRESSIVE;
				GCC_WARN_UNUSED_FUNCTION = YES;
				GCC_WARN_UNUSED_VARIABLE = YES;
				IPHONEOS_DEPLOYMENT_TARGET = 17.5;
				LOCALIZATION_PREFERS_STRING_CATALOGS = YES;
				MTL_ENABLE_DEBUG_INFO = INCLUDE_SOURCE;
				MTL_FAST_MATH = YES;
				ONLY_ACTIVE_ARCH = YES;
				SDKROOT = iphoneos;
				SWIFT_ACTIVE_COMPILATION_CONDITIONS = "DEBUG $(inherited)";
				SWIFT_OPTIMIZATION_LEVEL = "-Onone";
			};
			name = Debug;
		};
		E09A4D2B2C35B7AD00B135B2 /* Release */ = {
			isa = XCBuildConfiguration;
			buildSettings = {
				ALWAYS_SEARCH_USER_PATHS = NO;
				ASSETCATALOG_COMPILER_GENERATE_SWIFT_ASSET_SYMBOL_EXTENSIONS = YES;
				CLANG_ANALYZER_NONNULL = YES;
				CLANG_ANALYZER_NUMBER_OBJECT_CONVERSION = YES_AGGRESSIVE;
				CLANG_CXX_LANGUAGE_STANDARD = "gnu++20";
				CLANG_ENABLE_MODULES = YES;
				CLANG_ENABLE_OBJC_ARC = YES;
				CLANG_ENABLE_OBJC_WEAK = YES;
				CLANG_WARN_BLOCK_CAPTURE_AUTORELEASING = YES;
				CLANG_WARN_BOOL_CONVERSION = YES;
				CLANG_WARN_COMMA = YES;
				CLANG_WARN_CONSTANT_CONVERSION = YES;
				CLANG_WARN_DEPRECATED_OBJC_IMPLEMENTATIONS = YES;
				CLANG_WARN_DIRECT_OBJC_ISA_USAGE = YES_ERROR;
				CLANG_WARN_DOCUMENTATION_COMMENTS = YES;
				CLANG_WARN_EMPTY_BODY = YES;
				CLANG_WARN_ENUM_CONVERSION = YES;
				CLANG_WARN_INFINITE_RECURSION = YES;
				CLANG_WARN_INT_CONVERSION = YES;
				CLANG_WARN_NON_LITERAL_NULL_CONVERSION = YES;
				CLANG_WARN_OBJC_IMPLICIT_RETAIN_SELF = YES;
				CLANG_WARN_OBJC_LITERAL_CONVERSION = YES;
				CLANG_WARN_OBJC_ROOT_CLASS = YES_ERROR;
				CLANG_WARN_QUOTED_INCLUDE_IN_FRAMEWORK_HEADER = YES;
				CLANG_WARN_RANGE_LOOP_ANALYSIS = YES;
				CLANG_WARN_STRICT_PROTOTYPES = YES;
				CLANG_WARN_SUSPICIOUS_MOVE = YES;
				CLANG_WARN_UNGUARDED_AVAILABILITY = YES_AGGRESSIVE;
				CLANG_WARN_UNREACHABLE_CODE = YES;
				CLANG_WARN__DUPLICATE_METHOD_MATCH = YES;
				COPY_PHASE_STRIP = NO;
				DEBUG_INFORMATION_FORMAT = "dwarf-with-dsym";
				ENABLE_NS_ASSERTIONS = NO;
				ENABLE_STRICT_OBJC_MSGSEND = YES;
				ENABLE_USER_SCRIPT_SANDBOXING = YES;
				GCC_C_LANGUAGE_STANDARD = gnu17;
				GCC_NO_COMMON_BLOCKS = YES;
				GCC_WARN_64_TO_32_BIT_CONVERSION = YES;
				GCC_WARN_ABOUT_RETURN_TYPE = YES_ERROR;
				GCC_WARN_UNDECLARED_SELECTOR = YES;
				GCC_WARN_UNINITIALIZED_AUTOS = YES_AGGRESSIVE;
				GCC_WARN_UNUSED_FUNCTION = YES;
				GCC_WARN_UNUSED_VARIABLE = YES;
				IPHONEOS_DEPLOYMENT_TARGET = 17.5;
				LOCALIZATION_PREFERS_STRING_CATALOGS = YES;
				MTL_ENABLE_DEBUG_INFO = NO;
				MTL_FAST_MATH = YES;
				SDKROOT = iphoneos;
				SWIFT_COMPILATION_MODE = wholemodule;
				VALIDATE_PRODUCT = YES;
			};
			name = Release;
		};
		E09A4D2D2C35B7AD00B135B2 /* Debug */ = {
			isa = XCBuildConfiguration;
			buildSettings = {
				ASSETCATALOG_COMPILER_APPICON_NAME = AppIcon;
				ASSETCATALOG_COMPILER_GLOBAL_ACCENT_COLOR_NAME = AccentColor;
				CODE_SIGN_STYLE = Automatic;
				CURRENT_PROJECT_VERSION = 1;
				DEVELOPMENT_TEAM = JKQRBCVB79;
				GENERATE_INFOPLIST_FILE = YES;
				INFOPLIST_FILE = Spotify.Project/Info.plist;
				INFOPLIST_KEY_UIApplicationSupportsIndirectInputEvents = YES;
				INFOPLIST_KEY_UILaunchStoryboardName = LaunchScreen;
				INFOPLIST_KEY_UISupportedInterfaceOrientations_iPad = "UIInterfaceOrientationPortrait UIInterfaceOrientationPortraitUpsideDown UIInterfaceOrientationLandscapeLeft UIInterfaceOrientationLandscapeRight";
				INFOPLIST_KEY_UISupportedInterfaceOrientations_iPhone = "UIInterfaceOrientationPortrait UIInterfaceOrientationLandscapeLeft UIInterfaceOrientationLandscapeRight";
				LD_RUNPATH_SEARCH_PATHS = (
					"$(inherited)",
					"@executable_path/Frameworks",
				);
				MARKETING_VERSION = 1.0;
				PRODUCT_BUNDLE_IDENTIFIER = "personal.Spotify-Project";
				PRODUCT_NAME = "$(TARGET_NAME)";
				SWIFT_EMIT_LOC_STRINGS = YES;
				SWIFT_VERSION = 5.0;
				TARGETED_DEVICE_FAMILY = "1,2";
			};
			name = Debug;
		};
		E09A4D2E2C35B7AD00B135B2 /* Release */ = {
			isa = XCBuildConfiguration;
			buildSettings = {
				ASSETCATALOG_COMPILER_APPICON_NAME = AppIcon;
				ASSETCATALOG_COMPILER_GLOBAL_ACCENT_COLOR_NAME = AccentColor;
				CODE_SIGN_STYLE = Automatic;
				CURRENT_PROJECT_VERSION = 1;
				DEVELOPMENT_TEAM = JKQRBCVB79;
				GENERATE_INFOPLIST_FILE = YES;
				INFOPLIST_FILE = Spotify.Project/Info.plist;
				INFOPLIST_KEY_UIApplicationSupportsIndirectInputEvents = YES;
				INFOPLIST_KEY_UILaunchStoryboardName = LaunchScreen;
				INFOPLIST_KEY_UISupportedInterfaceOrientations_iPad = "UIInterfaceOrientationPortrait UIInterfaceOrientationPortraitUpsideDown UIInterfaceOrientationLandscapeLeft UIInterfaceOrientationLandscapeRight";
				INFOPLIST_KEY_UISupportedInterfaceOrientations_iPhone = "UIInterfaceOrientationPortrait UIInterfaceOrientationLandscapeLeft UIInterfaceOrientationLandscapeRight";
				LD_RUNPATH_SEARCH_PATHS = (
					"$(inherited)",
					"@executable_path/Frameworks",
				);
				MARKETING_VERSION = 1.0;
				PRODUCT_BUNDLE_IDENTIFIER = "personal.Spotify-Project";
				PRODUCT_NAME = "$(TARGET_NAME)";
				SWIFT_EMIT_LOC_STRINGS = YES;
				SWIFT_VERSION = 5.0;
				TARGETED_DEVICE_FAMILY = "1,2";
			};
			name = Release;
		};
/* End XCBuildConfiguration section */

/* Begin XCConfigurationList section */
		E09A4D132C35B7AC00B135B2 /* Build configuration list for PBXProject "Spotify.Project" */ = {
			isa = XCConfigurationList;
			buildConfigurations = (
				E09A4D2A2C35B7AD00B135B2 /* Debug */,
				E09A4D2B2C35B7AD00B135B2 /* Release */,
			);
			defaultConfigurationIsVisible = 0;
			defaultConfigurationName = Release;
		};
		E09A4D2C2C35B7AD00B135B2 /* Build configuration list for PBXNativeTarget "Spotify.Project" */ = {
			isa = XCConfigurationList;
			buildConfigurations = (
				E09A4D2D2C35B7AD00B135B2 /* Debug */,
				E09A4D2E2C35B7AD00B135B2 /* Release */,
			);
			defaultConfigurationIsVisible = 0;
			defaultConfigurationName = Release;
		};
/* End XCConfigurationList section */
	};
	rootObject = E09A4D102C35B7AC00B135B2 /* Project object */;
}
